
Microsoft Visual Studio Solution File, Format Version 12.00
# Visual Studio Version 17
VisualStudioVersion = 17.4.33205.214
MinimumVisualStudioVersion = 10.0.40219.1
Project("{FAE04EC0-301F-11D3-BF4B-00C04F79EFBC}") = "TextbooksAtHome", "TextbooksAtHome.csproj", "{4801A779-ADB9-4B78-987C-5F3319CB5C59}"
EndProject
Global
	GlobalSection(SolutionConfigurationPlatforms) = preSolution
		Debug|Any CPU = Debug|Any CPU
		Release|Any CPU = Release|Any CPU
	EndGlobalSection
	GlobalSection(ProjectConfigurationPlatforms) = postSolution
		{4801A779-ADB9-4B78-987C-5F3319CB5C59}.Debug|Any CPU.ActiveCfg = Debug|Any CPU
		{4801A779-ADB9-4B78-987C-5F3319CB5C59}.Debug|Any CPU.Build.0 = Debug|Any CPU
		{4801A779-ADB9-4B78-987C-5F3319CB5C59}.Release|Any CPU.ActiveCfg = Release|Any CPU
		{4801A779-ADB9-4B78-987C-5F3319CB5C59}.Release|Any CPU.Build.0 = Release|Any CPU
	EndGlobalSection
	GlobalSection(SolutionProperties) = preSolution
		HideSolutionNode = FALSE
	EndGlobalSection
	GlobalSection(ExtensibilityGlobals) = postSolution
		SolutionGuid = {139A8A3C-09DF-4DC8-ABD0-72A3914CDF65}
	EndGlobalSection
EndGlobal
